// !$*UTF8*$!
{
	archiveVersion = 1;
	classes = {
	};
	objectVersion = 50;
	objects = {

/* Begin PBXBuildFile section */
		1209E3BF23BE025400B1D046 /* AppDelegate.swift in Sources */ = {isa = PBXBuildFile; fileRef = 1209E3BE23BE025400B1D046 /* AppDelegate.swift */; };
		1209E3C123BE025400B1D046 /* SceneDelegate.swift in Sources */ = {isa = PBXBuildFile; fileRef = 1209E3C023BE025400B1D046 /* SceneDelegate.swift */; };
		1209E3C323BE025400B1D046 /* RecordSoundsViewController.swift in Sources */ = {isa = PBXBuildFile; fileRef = 1209E3C223BE025400B1D046 /* RecordSoundsViewController.swift */; };
		1209E3C623BE025400B1D046 /* Main.storyboard in Resources */ = {isa = PBXBuildFile; fileRef = 1209E3C423BE025400B1D046 /* Main.storyboard */; };
		1209E3C823BE025900B1D046 /* Assets.xcassets in Resources */ = {isa = PBXBuildFile; fileRef = 1209E3C723BE025900B1D046 /* Assets.xcassets */; };
		1209E3D323BE1BA100B1D046 /* PlaySoundsViewController.swift in Sources */ = {isa = PBXBuildFile; fileRef = 1209E3D223BE1BA100B1D046 /* PlaySoundsViewController.swift */; };
		1209E3D523BE5A2D00B1D046 /* playsoundsviewcontroller-audio.swift in Sources */ = {isa = PBXBuildFile; fileRef = 1209E3D423BE5A2D00B1D046 /* playsoundsviewcontroller-audio.swift */; };
		1234E42423BF537D0002EC13 /* LaunchScreen.storyboard in Resources */ = {isa = PBXBuildFile; fileRef = 1209E3C923BE025900B1D046 /* LaunchScreen.storyboard */; };
		124C7D0523BF918B00A1AA23 /* Constants.swift in Sources */ = {isa = PBXBuildFile; fileRef = 124C7D0423BF918B00A1AA23 /* Constants.swift */; };
/* End PBXBuildFile section */

/* Begin PBXFileReference section */
		1209E3BB23BE025400B1D046 /* PitchPerfect.app */ = {isa = PBXFileReference; explicitFileType = wrapper.application; includeInIndex = 0; path = PitchPerfect.app; sourceTree = BUILT_PRODUCTS_DIR; };
		1209E3BE23BE025400B1D046 /* AppDelegate.swift */ = {isa = PBXFileReference; lastKnownFileType = sourcecode.swift; path = AppDelegate.swift; sourceTree = "<group>"; };
		1209E3C023BE025400B1D046 /* SceneDelegate.swift */ = {isa = PBXFileReference; lastKnownFileType = sourcecode.swift; path = SceneDelegate.swift; sourceTree = "<group>"; };
		1209E3C223BE025400B1D046 /* RecordSoundsViewController.swift */ = {isa = PBXFileReference; lastKnownFileType = sourcecode.swift; path = RecordSoundsViewController.swift; sourceTree = "<group>"; };
		1209E3C523BE025400B1D046 /* Base */ = {isa = PBXFileReference; lastKnownFileType = file.storyboard; name = Base; path = Base.lproj/Main.storyboard; sourceTree = "<group>"; };
		1209E3C723BE025900B1D046 /* Assets.xcassets */ = {isa = PBXFileReference; lastKnownFileType = folder.assetcatalog; path = Assets.xcassets; sourceTree = "<group>"; };
		1209E3CA23BE025900B1D046 /* Base */ = {isa = PBXFileReference; lastKnownFileType = file.storyboard; name = Base; path = Base.lproj/LaunchScreen.storyboard; sourceTree = "<group>"; };
		1209E3D223BE1BA100B1D046 /* PlaySoundsViewController.swift */ = {isa = PBXFileReference; lastKnownFileType = sourcecode.swift; path = PlaySoundsViewController.swift; sourceTree = "<group>"; };
		1209E3D423BE5A2D00B1D046 /* playsoundsviewcontroller-audio.swift */ = {isa = PBXFileReference; fileEncoding = 4; lastKnownFileType = sourcecode.swift; path = "playsoundsviewcontroller-audio.swift"; sourceTree = "<group>"; };
		1209E3D623BE75A200B1D046 /* Info.plist */ = {isa = PBXFileReference; fileEncoding = 4; lastKnownFileType = text.plist.xml; path = Info.plist; sourceTree = "<group>"; };
		124C7D0423BF918B00A1AA23 /* Constants.swift */ = {isa = PBXFileReference; lastKnownFileType = sourcecode.swift; path = Constants.swift; sourceTree = "<group>"; };
/* End PBXFileReference section */

/* Begin PBXFrameworksBuildPhase section */
		1209E3B823BE025400B1D046 /* Frameworks */ = {
			isa = PBXFrameworksBuildPhase;
			buildActionMask = 2147483647;
			files = (
			);
			runOnlyForDeploymentPostprocessing = 0;
		};
/* End PBXFrameworksBuildPhase section */

/* Begin PBXGroup section */
		1209E3B223BE025400B1D046 = {
			isa = PBXGroup;
			children = (
				1209E3BD23BE025400B1D046 /* PitchPerfect */,
				1209E3BC23BE025400B1D046 /* Products */,
			);
			sourceTree = "<group>";
		};
		1209E3BC23BE025400B1D046 /* Products */ = {
			isa = PBXGroup;
			children = (
				1209E3BB23BE025400B1D046 /* PitchPerfect.app */,
			);
			name = Products;
			sourceTree = "<group>";
		};
		1209E3BD23BE025400B1D046 /* PitchPerfect */ = {
			isa = PBXGroup;
			children = (
				1209E3BE23BE025400B1D046 /* AppDelegate.swift */,
				1209E3C023BE025400B1D046 /* SceneDelegate.swift */,
				1209E3C223BE025400B1D046 /* RecordSoundsViewController.swift */,
				1209E3D223BE1BA100B1D046 /* PlaySoundsViewController.swift */,
				1209E3C423BE025400B1D046 /* Main.storyboard */,
				1209E3C723BE025900B1D046 /* Assets.xcassets */,
				1209E3C923BE025900B1D046 /* LaunchScreen.storyboard */,
				1209E3D623BE75A200B1D046 /* Info.plist */,
				1209E3D423BE5A2D00B1D046 /* playsoundsviewcontroller-audio.swift */,
				124C7D0423BF918B00A1AA23 /* Constants.swift */,
			);
			path = PitchPerfect;
			sourceTree = "<group>";
		};
/* End PBXGroup section */

/* Begin PBXNativeTarget section */
		1209E3BA23BE025400B1D046 /* PitchPerfect */ = {
			isa = PBXNativeTarget;
			buildConfigurationList = 1209E3CF23BE025900B1D046 /* Build configuration list for PBXNativeTarget "PitchPerfect" */;
			buildPhases = (
				1209E3B723BE025400B1D046 /* Sources */,
				1209E3B823BE025400B1D046 /* Frameworks */,
				1209E3B923BE025400B1D046 /* Resources */,
			);
			buildRules = (
			);
			dependencies = (
			);
			name = PitchPerfect;
			productName = PitchPerfect;
			productReference = 1209E3BB23BE025400B1D046 /* PitchPerfect.app */;
			productType = "com.apple.product-type.application";
		};
/* End PBXNativeTarget section */

/* Begin PBXProject section */
		1209E3B323BE025400B1D046 /* Project object */ = {
			isa = PBXProject;
			attributes = {
				LastSwiftUpdateCheck = 1120;
				LastUpgradeCheck = 1120;
				ORGANIZATIONNAME = "Emmanuel Okwara";
				TargetAttributes = {
					1209E3BA23BE025400B1D046 = {
						CreatedOnToolsVersion = 11.2.1;
					};
				};
			};
			buildConfigurationList = 1209E3B623BE025400B1D046 /* Build configuration list for PBXProject "PitchPerfect" */;
			compatibilityVersion = "Xcode 9.3";
			developmentRegion = en;
			hasScannedForEncodings = 0;
			knownRegions = (
				en,
				Base,
			);
			mainGroup = 1209E3B223BE025400B1D046;
			productRefGroup = 1209E3BC23BE025400B1D046 /* Products */;
			projectDirPath = "";
			projectRoot = "";
			targets = (
				1209E3BA23BE025400B1D046 /* PitchPerfect */,
			);
		};
/* End PBXProject section */

/* Begin PBXResourcesBuildPhase section */
		1209E3B923BE025400B1D046 /* Resources */ = {
			isa = PBXResourcesBuildPhase;
			buildActionMask = 2147483647;
			files = (
				1234E42423BF537D0002EC13 /* LaunchScreen.storyboard in Resources */,
				1209E3C823BE025900B1D046 /* Assets.xcassets in Resources */,
				1209E3C623BE025400B1D046 /* Main.storyboard in Resources */,
			);
			runOnlyForDeploymentPostprocessing = 0;
		};
/* End PBXResourcesBuildPhase section */

/* Begin PBXSourcesBuildPhase section */
		1209E3B723BE025400B1D046 /* Sources */ = {
			isa = PBXSourcesBuildPhase;
			buildActionMask = 2147483647;
			files = (
				1209E3C323BE025400B1D046 /* RecordSoundsViewController.swift in Sources */,
				1209E3D523BE5A2D00B1D046 /* playsoundsviewcontroller-audio.swift in Sources */,
				1209E3BF23BE025400B1D046 /* AppDelegate.swift in Sources */,
				1209E3D323BE1BA100B1D046 /* PlaySoundsViewController.swift in Sources */,
				1209E3C123BE025400B1D046 /* SceneDelegate.swift in Sources */,
				124C7D0523BF918B00A1AA23 /* Constants.swift in Sources */,
			);
			runOnlyForDeploymentPostprocessing = 0;
		};
/* End PBXSourcesBuildPhase section */

/* Begin PBXVariantGroup section */
		1209E3C423BE025400B1D046 /* Main.storyboard */ = {
			isa = PBXVariantGroup;
			children = (
				1209E3C523BE025400B1D046 /* Base */,
			);
			name = Main.storyboard;
			sourceTree = "<group>";
		};
		1209E3C923BE025900B1D046 /* LaunchScreen.storyboard */ = {
			isa = PBXVariantGroup;
			children = (
				1209E3CA23BE025900B1D046 /* Base */,
			);
			name = LaunchScreen.storyboard;
			sourceTree = "<group>";
		};
/* End PBXVariantGroup section */

/* Begin XCBuildConfiguration section */
		1209E3CD23BE025900B1D046 /* Debug */ = {
			isa = XCBuildConfiguration;
			buildSettings = {
				ALWAYS_SEARCH_USER_PATHS = NO;
				CLANG_ANALYZER_NONNULL = YES;
				CLANG_ANALYZER_NUMBER_OBJECT_CONVERSION = YES_AGGRESSIVE;
				CLANG_CXX_LANGUAGE_STANDARD = "gnu++14";
				CLANG_CXX_LIBRARY = "libc++";
				CLANG_ENABLE_MODULES = YES;
				CLANG_ENABLE_OBJC_ARC = YES;
				CLANG_ENABLE_OBJC_WEAK = YES;
				CLANG_WARN_BLOCK_CAPTURE_AUTORELEASING = YES;
				CLANG_WARN_BOOL_CONVERSION = YES;
				CLANG_WARN_COMMA = YES;
				CLANG_WARN_CONSTANT_CONVERSION = YES;
				CLANG_WARN_DEPRECATED_OBJC_IMPLEMENTATIONS = YES;
				CLANG_WARN_DIRECT_OBJC_ISA_USAGE = YES_ERROR;
				CLANG_WARN_DOCUMENTATION_COMMENTS = YES;
				CLANG_WARN_EMPTY_BODY = YES;
				CLANG_WARN_ENUM_CONVERSION = YES;
				CLANG_WARN_INFINITE_RECURSION = YES;
				CLANG_WARN_INT_CONVERSION = YES;
				CLANG_WARN_NON_LITERAL_NULL_CONVERSION = YES;
				CLANG_WARN_OBJC_IMPLICIT_RETAIN_SELF = YES;
				CLANG_WARN_OBJC_LITERAL_CONVERSION = YES;
				CLANG_WARN_OBJC_ROOT_CLASS = YES_ERROR;
				CLANG_WARN_RANGE_LOOP_ANALYSIS = YES;
				CLANG_WARN_STRICT_PROTOTYPES = YES;
				CLANG_WARN_SUSPICIOUS_MOVE = YES;
				CLANG_WARN_UNGUARDED_AVAILABILITY = YES_AGGRESSIVE;
				CLANG_WARN_UNREACHABLE_CODE = YES;
				CLANG_WARN__DUPLICATE_METHOD_MATCH = YES;
				COPY_PHASE_STRIP = NO;
				DEBUG_INFORMATION_FORMAT = dwarf;
				ENABLE_STRICT_OBJC_MSGSEND = YES;
				ENABLE_TESTABILITY = YES;
				GCC_C_LANGUAGE_STANDARD = gnu11;
				GCC_DYNAMIC_NO_PIC = NO;
				GCC_NO_COMMON_BLOCKS = YES;
				GCC_OPTIMIZATION_LEVEL = 0;
				GCC_PREPROCESSOR_DEFINITIONS = (
					"DEBUG=1",
					"$(inherited)",
				);
				GCC_WARN_64_TO_32_BIT_CONVERSION = YES;
				GCC_WARN_ABOUT_RETURN_TYPE = YES_ERROR;
				GCC_WARN_UNDECLARED_SELECTOR = YES;
				GCC_WARN_UNINITIALIZED_AUTOS = YES_AGGRESSIVE;
				GCC_WARN_UNUSED_FUNCTION = YES;
				GCC_WARN_UNUSED_VARIABLE = YES;
				IPHONEOS_DEPLOYMENT_TARGET = 13.2;
				MTL_ENABLE_DEBUG_INFO = INCLUDE_SOURCE;
				MTL_FAST_MATH = YES;
				ONLY_ACTIVE_ARCH = YES;
				SDKROOT = iphoneos;
				SWIFT_ACTIVE_COMPILATION_CONDITIONS = DEBUG;
				SWIFT_OPTIMIZATION_LEVEL = "-Onone";
			};
			name = Debug;
		};
		1209E3CE23BE025900B1D046 /* Release */ = {
			isa = XCBuildConfiguration;
			buildSettings = {
				ALWAYS_SEARCH_USER_PATHS = NO;
				CLANG_ANALYZER_NONNULL = YES;
				CLANG_ANALYZER_NUMBER_OBJECT_CONVERSION = YES_AGGRESSIVE;
				CLANG_CXX_LANGUAGE_STANDARD = "gnu++14";
				CLANG_CXX_LIBRARY = "libc++";
				CLANG_ENABLE_MODULES = YES;
				CLANG_ENABLE_OBJC_ARC = YES;
				CLANG_ENABLE_OBJC_WEAK = YES;
				CLANG_WARN_BLOCK_CAPTURE_AUTORELEASING = YES;
				CLANG_WARN_BOOL_CONVERSION = YES;
				CLANG_WARN_COMMA = YES;
				CLANG_WARN_CONSTANT_CONVERSION = YES;
				CLANG_WARN_DEPRECATED_OBJC_IMPLEMENTATIONS = YES;
				CLANG_WARN_DIRECT_OBJC_ISA_USAGE = YES_ERROR;
				CLANG_WARN_DOCUMENTATION_COMMENTS = YES;
				CLANG_WARN_EMPTY_BODY = YES;
				CLANG_WARN_ENUM_CONVERSION = YES;
				CLANG_WARN_INFINITE_RECURSION = YES;
				CLANG_WARN_INT_CONVERSION = YES;
				CLANG_WARN_NON_LITERAL_NULL_CONVERSION = YES;
				CLANG_WARN_OBJC_IMPLICIT_RETAIN_SELF = YES;
				CLANG_WARN_OBJC_LITERAL_CONVERSION = YES;
				CLANG_WARN_OBJC_ROOT_CLASS = YES_ERROR;
				CLANG_WARN_RANGE_LOOP_ANALYSIS = YES;
				CLANG_WARN_STRICT_PROTOTYPES = YES;
				CLANG_WARN_SUSPICIOUS_MOVE = YES;
				CLANG_WARN_UNGUARDED_AVAILABILITY = YES_AGGRESSIVE;
				CLANG_WARN_UNREACHABLE_CODE = YES;
				CLANG_WARN__DUPLICATE_METHOD_MATCH = YES;
				COPY_PHASE_STRIP = NO;
				DEBUG_INFORMATION_FORMAT = "dwarf-with-dsym";
				ENABLE_NS_ASSERTIONS = NO;
				ENABLE_STRICT_OBJC_MSGSEND = YES;
				GCC_C_LANGUAGE_STANDARD = gnu11;
				GCC_NO_COMMON_BLOCKS = YES;
				GCC_WARN_64_TO_32_BIT_CONVERSION = YES;
				GCC_WARN_ABOUT_RETURN_TYPE = YES_ERROR;
				GCC_WARN_UNDECLARED_SELECTOR = YES;
				GCC_WARN_UNINITIALIZED_AUTOS = YES_AGGRESSIVE;
				GCC_WARN_UNUSED_FUNCTION = YES;
				GCC_WARN_UNUSED_VARIABLE = YES;
				IPHONEOS_DEPLOYMENT_TARGET = 13.2;
				MTL_ENABLE_DEBUG_INFO = NO;
				MTL_FAST_MATH = YES;
				SDKROOT = iphoneos;
				SWIFT_COMPILATION_MODE = wholemodule;
				SWIFT_OPTIMIZATION_LEVEL = "-O";
				VALIDATE_PRODUCT = YES;
			};
			name = Release;
		};
		1209E3D023BE025900B1D046 /* Debug */ = {
			isa = XCBuildConfiguration;
			buildSettings = {
				ASSETCATALOG_COMPILER_APPICON_NAME = AppIcon;
				CODE_SIGN_STYLE = Automatic;
				INFOPLIST_FILE = PitchPerfect/Info.plist;
				LD_RUNPATH_SEARCH_PATHS = (
					"$(inherited)",
					"@executable_path/Frameworks",
				);
				PRODUCT_BUNDLE_IDENTIFIER = com.macco.PitchPerfect;
				PRODUCT_NAME = "$(TARGET_NAME)";
				SWIFT_VERSION = 5.0;
				TARGETED_DEVICE_FAMILY = "1,2";
			};
			name = Debug;
		};
		1209E3D123BE025900B1D046 /* Release */ = {
			isa = XCBuildConfiguration;
			buildSettings = {
				ASSETCATALOG_COMPILER_APPICON_NAME = AppIcon;
				CODE_SIGN_STYLE = Automatic;
				INFOPLIST_FILE = PitchPerfect/Info.plist;
				LD_RUNPATH_SEARCH_PATHS = (
					"$(inherited)",
					"@executable_path/Frameworks",
				);
				PRODUCT_BUNDLE_IDENTIFIER = com.macco.PitchPerfect;
				PRODUCT_NAME = "$(TARGET_NAME)";
				SWIFT_VERSION = 5.0;
				TARGETED_DEVICE_FAMILY = "1,2";
			};
			name = Release;
		};
/* End XCBuildConfiguration section */

/* Begin XCConfigurationList section */
		1209E3B623BE025400B1D046 /* Build configuration list for PBXProject "PitchPerfect" */ = {
			isa = XCConfigurationList;
			buildConfigurations = (
				1209E3CD23BE025900B1D046 /* Debug */,
				1209E3CE23BE025900B1D046 /* Release */,
			);
			defaultConfigurationIsVisible = 0;
			defaultConfigurationName = Release;
		};
		1209E3CF23BE025900B1D046 /* Build configuration list for PBXNativeTarget "PitchPerfect" */ = {
			isa = XCConfigurationList;
			buildConfigurations = (
				1209E3D023BE025900B1D046 /* Debug */,
				1209E3D123BE025900B1D046 /* Release */,
			);
			defaultConfigurationIsVisible = 0;
			defaultConfigurationName = Release;
		};
/* End XCConfigurationList section */
	};
	rootObject = 1209E3B323BE025400B1D046 /* Project object */;
}
